// !$*UTF8*$!
{
	archiveVersion = 1;
	classes = {
	};
	objectVersion = 56;
	objects = {

/* Begin PBXBuildFile section */
		E598AC112C3C276000D12ED0 /* AppDelegate.swift in Sources */ = {isa = PBXBuildFile; fileRef = E598AC102C3C276000D12ED0 /* AppDelegate.swift */; };
		E598AC132C3C276000D12ED0 /* SceneDelegate.swift in Sources */ = {isa = PBXBuildFile; fileRef = E598AC122C3C276000D12ED0 /* SceneDelegate.swift */; };
		E598AC152C3C276000D12ED0 /* ViewController.swift in Sources */ = {isa = PBXBuildFile; fileRef = E598AC142C3C276000D12ED0 /* ViewController.swift */; };
		E598AC182C3C276000D12ED0 /* Base in Resources */ = {isa = PBXBuildFile; fileRef = E598AC172C3C276000D12ED0 /* Base */; };
		E598AC1B2C3C276000D12ED0 /* iOS_simple_ocr.xcdatamodeld in Sources */ = {isa = PBXBuildFile; fileRef = E598AC192C3C276000D12ED0 /* iOS_simple_ocr.xcdatamodeld */; };
		E598AC1D2C3C276200D12ED0 /* Assets.xcassets in Resources */ = {isa = PBXBuildFile; fileRef = E598AC1C2C3C276200D12ED0 /* Assets.xcassets */; };
		E598AC202C3C276200D12ED0 /* Base in Resources */ = {isa = PBXBuildFile; fileRef = E598AC1F2C3C276200D12ED0 /* Base */; };
/* End PBXBuildFile section */

/* Begin PBXFileReference section */
		E598AC0D2C3C276000D12ED0 /* iOS-simple-ocr.app */ = {isa = PBXFileReference; explicitFileType = wrapper.application; includeInIndex = 0; path = "iOS-simple-ocr.app"; sourceTree = BUILT_PRODUCTS_DIR; };
		E598AC102C3C276000D12ED0 /* AppDelegate.swift */ = {isa = PBXFileReference; lastKnownFileType = sourcecode.swift; path = AppDelegate.swift; sourceTree = "<group>"; };
		E598AC122C3C276000D12ED0 /* SceneDelegate.swift */ = {isa = PBXFileReference; lastKnownFileType = sourcecode.swift; path = SceneDelegate.swift; sourceTree = "<group>"; };
		E598AC142C3C276000D12ED0 /* ViewController.swift */ = {isa = PBXFileReference; lastKnownFileType = sourcecode.swift; path = ViewController.swift; sourceTree = "<group>"; };
		E598AC172C3C276000D12ED0 /* Base */ = {isa = PBXFileReference; lastKnownFileType = file.storyboard; name = Base; path = Base.lproj/Main.storyboard; sourceTree = "<group>"; };
		E598AC1A2C3C276000D12ED0 /* iOS_simple_ocr.xcdatamodel */ = {isa = PBXFileReference; lastKnownFileType = wrapper.xcdatamodel; path = iOS_simple_ocr.xcdatamodel; sourceTree = "<group>"; };
		E598AC1C2C3C276200D12ED0 /* Assets.xcassets */ = {isa = PBXFileReference; lastKnownFileType = folder.assetcatalog; path = Assets.xcassets; sourceTree = "<group>"; };
		E598AC1F2C3C276200D12ED0 /* Base */ = {isa = PBXFileReference; lastKnownFileType = file.storyboard; name = Base; path = Base.lproj/LaunchScreen.storyboard; sourceTree = "<group>"; };
		E598AC212C3C276200D12ED0 /* Info.plist */ = {isa = PBXFileReference; lastKnownFileType = text.plist.xml; path = Info.plist; sourceTree = "<group>"; };
/* End PBXFileReference section */

/* Begin PBXFrameworksBuildPhase section */
		E598AC0A2C3C276000D12ED0 /* Frameworks */ = {
			isa = PBXFrameworksBuildPhase;
			buildActionMask = 2147483647;
			files = (
			);
			runOnlyForDeploymentPostprocessing = 0;
		};
/* End PBXFrameworksBuildPhase section */

/* Begin PBXGroup section */
		E598AC042C3C276000D12ED0 = {
			isa = PBXGroup;
			children = (
				E598AC0F2C3C276000D12ED0 /* iOS-simple-ocr */,
				E598AC0E2C3C276000D12ED0 /* Products */,
			);
			sourceTree = "<group>";
		};
		E598AC0E2C3C276000D12ED0 /* Products */ = {
			isa = PBXGroup;
			children = (
				E598AC0D2C3C276000D12ED0 /* iOS-simple-ocr.app */,
			);
			name = Products;
			sourceTree = "<group>";
		};
		E598AC0F2C3C276000D12ED0 /* iOS-simple-ocr */ = {
			isa = PBXGroup;
			children = (
				E598AC102C3C276000D12ED0 /* AppDelegate.swift */,
				E598AC122C3C276000D12ED0 /* SceneDelegate.swift */,
				E598AC142C3C276000D12ED0 /* ViewController.swift */,
				E598AC162C3C276000D12ED0 /* Main.storyboard */,
				E598AC1C2C3C276200D12ED0 /* Assets.xcassets */,
				E598AC1E2C3C276200D12ED0 /* LaunchScreen.storyboard */,
				E598AC212C3C276200D12ED0 /* Info.plist */,
				E598AC192C3C276000D12ED0 /* iOS_simple_ocr.xcdatamodeld */,
			);
			path = "iOS-simple-ocr";
			sourceTree = "<group>";
		};
/* End PBXGroup section */

/* Begin PBXNativeTarget section */
		E598AC0C2C3C276000D12ED0 /* iOS-simple-ocr */ = {
			isa = PBXNativeTarget;
			buildConfigurationList = E598AC242C3C276200D12ED0 /* Build configuration list for PBXNativeTarget "iOS-simple-ocr" */;
			buildPhases = (
				E598AC092C3C276000D12ED0 /* Sources */,
				E598AC0A2C3C276000D12ED0 /* Frameworks */,
				E598AC0B2C3C276000D12ED0 /* Resources */,
			);
			buildRules = (
			);
			dependencies = (
			);
			name = "iOS-simple-ocr";
			productName = "iOS-simple-ocr";
			productReference = E598AC0D2C3C276000D12ED0 /* iOS-simple-ocr.app */;
			productType = "com.apple.product-type.application";
		};
/* End PBXNativeTarget section */

/* Begin PBXProject section */
		E598AC052C3C276000D12ED0 /* Project object */ = {
			isa = PBXProject;
			attributes = {
				BuildIndependentTargetsInParallel = 1;
				LastSwiftUpdateCheck = 1540;
				LastUpgradeCheck = 1540;
				TargetAttributes = {
					E598AC0C2C3C276000D12ED0 = {
						CreatedOnToolsVersion = 15.4;
					};
				};
			};
			buildConfigurationList = E598AC082C3C276000D12ED0 /* Build configuration list for PBXProject "iOS-simple-ocr" */;
			compatibilityVersion = "Xcode 14.0";
			developmentRegion = en;
			hasScannedForEncodings = 0;
			knownRegions = (
				en,
				Base,
			);
			mainGroup = E598AC042C3C276000D12ED0;
			productRefGroup = E598AC0E2C3C276000D12ED0 /* Products */;
			projectDirPath = "";
			projectRoot = "";
			targets = (
				E598AC0C2C3C276000D12ED0 /* iOS-simple-ocr */,
			);
		};
/* End PBXProject section */

/* Begin PBXResourcesBuildPhase section */
		E598AC0B2C3C276000D12ED0 /* Resources */ = {
			isa = PBXResourcesBuildPhase;
			buildActionMask = 2147483647;
			files = (
				E598AC1D2C3C276200D12ED0 /* Assets.xcassets in Resources */,
				E598AC202C3C276200D12ED0 /* Base in Resources */,
				E598AC182C3C276000D12ED0 /* Base in Resources */,
			);
			runOnlyForDeploymentPostprocessing = 0;
		};
/* End PBXResourcesBuildPhase section */

/* Begin PBXSourcesBuildPhase section */
		E598AC092C3C276000D12ED0 /* Sources */ = {
			isa = PBXSourcesBuildPhase;
			buildActionMask = 2147483647;
			files = (
				E598AC152C3C276000D12ED0 /* ViewController.swift in Sources */,
				E598AC112C3C276000D12ED0 /* AppDelegate.swift in Sources */,
				E598AC1B2C3C276000D12ED0 /* iOS_simple_ocr.xcdatamodeld in Sources */,
				E598AC132C3C276000D12ED0 /* SceneDelegate.swift in Sources */,
			);
			runOnlyForDeploymentPostprocessing = 0;
		};
/* End PBXSourcesBuildPhase section */

/* Begin PBXVariantGroup section */
		E598AC162C3C276000D12ED0 /* Main.storyboard */ = {
			isa = PBXVariantGroup;
			children = (
				E598AC172C3C276000D12ED0 /* Base */,
			);
			name = Main.storyboard;
			sourceTree = "<group>";
		};
		E598AC1E2C3C276200D12ED0 /* LaunchScreen.storyboard */ = {
			isa = PBXVariantGroup;
			children = (
				E598AC1F2C3C276200D12ED0 /* Base */,
			);
			name = LaunchScreen.storyboard;
			sourceTree = "<group>";
		};
/* End PBXVariantGroup section */

/* Begin XCBuildConfiguration section */
		E598AC222C3C276200D12ED0 /* Debug */ = {
			isa = XCBuildConfiguration;
			buildSettings = {
				ALWAYS_SEARCH_USER_PATHS = NO;
				ASSETCATALOG_COMPILER_GENERATE_SWIFT_ASSET_SYMBOL_EXTENSIONS = YES;
				CLANG_ANALYZER_NONNULL = YES;
				CLANG_ANALYZER_NUMBER_OBJECT_CONVERSION = YES_AGGRESSIVE;
				CLANG_CXX_LANGUAGE_STANDARD = "gnu++20";
				CLANG_ENABLE_MODULES = YES;
				CLANG_ENABLE_OBJC_ARC = YES;
				CLANG_ENABLE_OBJC_WEAK = YES;
				CLANG_WARN_BLOCK_CAPTURE_AUTORELEASING = YES;
				CLANG_WARN_BOOL_CONVERSION = YES;
				CLANG_WARN_COMMA = YES;
				CLANG_WARN_CONSTANT_CONVERSION = YES;
				CLANG_WARN_DEPRECATED_OBJC_IMPLEMENTATIONS = YES;
				CLANG_WARN_DIRECT_OBJC_ISA_USAGE = YES_ERROR;
				CLANG_WARN_DOCUMENTATION_COMMENTS = YES;
				CLANG_WARN_EMPTY_BODY = YES;
				CLANG_WARN_ENUM_CONVERSION = YES;
				CLANG_WARN_INFINITE_RECURSION = YES;
				CLANG_WARN_INT_CONVERSION = YES;
				CLANG_WARN_NON_LITERAL_NULL_CONVERSION = YES;
				CLANG_WARN_OBJC_IMPLICIT_RETAIN_SELF = YES;
				CLANG_WARN_OBJC_LITERAL_CONVERSION = YES;
				CLANG_WARN_OBJC_ROOT_CLASS = YES_ERROR;
				CLANG_WARN_QUOTED_INCLUDE_IN_FRAMEWORK_HEADER = YES;
				CLANG_WARN_RANGE_LOOP_ANALYSIS = YES;
				CLANG_WARN_STRICT_PROTOTYPES = YES;
				CLANG_WARN_SUSPICIOUS_MOVE = YES;
				CLANG_WARN_UNGUARDED_AVAILABILITY = YES_AGGRESSIVE;
				CLANG_WARN_UNREACHABLE_CODE = YES;
				CLANG_WARN__DUPLICATE_METHOD_MATCH = YES;
				COPY_PHASE_STRIP = NO;
				DEBUG_INFORMATION_FORMAT = dwarf;
				ENABLE_STRICT_OBJC_MSGSEND = YES;
				ENABLE_TESTABILITY = YES;
				ENABLE_USER_SCRIPT_SANDBOXING = YES;
				GCC_C_LANGUAGE_STANDARD = gnu17;
				GCC_DYNAMIC_NO_PIC = NO;
				GCC_NO_COMMON_BLOCKS = YES;
				GCC_OPTIMIZATION_LEVEL = 0;
				GCC_PREPROCESSOR_DEFINITIONS = (
					"DEBUG=1",
					"$(inherited)",
				);
				GCC_WARN_64_TO_32_BIT_CONVERSION = YES;
				GCC_WARN_ABOUT_RETURN_TYPE = YES_ERROR;
				GCC_WARN_UNDECLARED_SELECTOR = YES;
				GCC_WARN_UNINITIALIZED_AUTOS = YES_AGGRESSIVE;
				GCC_WARN_UNUSED_FUNCTION = YES;
				GCC_WARN_UNUSED_VARIABLE = YES;
				IPHONEOS_DEPLOYMENT_TARGET = 17.5;
				LOCALIZATION_PREFERS_STRING_CATALOGS = YES;
				MTL_ENABLE_DEBUG_INFO = INCLUDE_SOURCE;
				MTL_FAST_MATH = YES;
				ONLY_ACTIVE_ARCH = YES;
				SDKROOT = iphoneos;
				SWIFT_ACTIVE_COMPILATION_CONDITIONS = "DEBUG $(inherited)";
				SWIFT_OPTIMIZATION_LEVEL = "-Onone";
			};
			name = Debug;
		};
		E598AC232C3C276200D12ED0 /* Release */ = {
			isa = XCBuildConfiguration;
			buildSettings = {
				ALWAYS_SEARCH_USER_PATHS = NO;
				ASSETCATALOG_COMPILER_GENERATE_SWIFT_ASSET_SYMBOL_EXTENSIONS = YES;
				CLANG_ANALYZER_NONNULL = YES;
				CLANG_ANALYZER_NUMBER_OBJECT_CONVERSION = YES_AGGRESSIVE;
				CLANG_CXX_LANGUAGE_STANDARD = "gnu++20";
				CLANG_ENABLE_MODULES = YES;
				CLANG_ENABLE_OBJC_ARC = YES;
				CLANG_ENABLE_OBJC_WEAK = YES;
				CLANG_WARN_BLOCK_CAPTURE_AUTORELEASING = YES;
				CLANG_WARN_BOOL_CONVERSION = YES;
				CLANG_WARN_COMMA = YES;
				CLANG_WARN_CONSTANT_CONVERSION = YES;
				CLANG_WARN_DEPRECATED_OBJC_IMPLEMENTATIONS = YES;
				CLANG_WARN_DIRECT_OBJC_ISA_USAGE = YES_ERROR;
				CLANG_WARN_DOCUMENTATION_COMMENTS = YES;
				CLANG_WARN_EMPTY_BODY = YES;
				CLANG_WARN_ENUM_CONVERSION = YES;
				CLANG_WARN_INFINITE_RECURSION = YES;
				CLANG_WARN_INT_CONVERSION = YES;
				CLANG_WARN_NON_LITERAL_NULL_CONVERSION = YES;
				CLANG_WARN_OBJC_IMPLICIT_RETAIN_SELF = YES;
				CLANG_WARN_OBJC_LITERAL_CONVERSION = YES;
				CLANG_WARN_OBJC_ROOT_CLASS = YES_ERROR;
				CLANG_WARN_QUOTED_INCLUDE_IN_FRAMEWORK_HEADER = YES;
				CLANG_WARN_RANGE_LOOP_ANALYSIS = YES;
				CLANG_WARN_STRICT_PROTOTYPES = YES;
				CLANG_WARN_SUSPICIOUS_MOVE = YES;
				CLANG_WARN_UNGUARDED_AVAILABILITY = YES_AGGRESSIVE;
				CLANG_WARN_UNREACHABLE_CODE = YES;
				CLANG_WARN__DUPLICATE_METHOD_MATCH = YES;
				COPY_PHASE_STRIP = NO;
				DEBUG_INFORMATION_FORMAT = "dwarf-with-dsym";
				ENABLE_NS_ASSERTIONS = NO;
				ENABLE_STRICT_OBJC_MSGSEND = YES;
				ENABLE_USER_SCRIPT_SANDBOXING = YES;
				GCC_C_LANGUAGE_STANDARD = gnu17;
				GCC_NO_COMMON_BLOCKS = YES;
				GCC_WARN_64_TO_32_BIT_CONVERSION = YES;
				GCC_WARN_ABOUT_RETURN_TYPE = YES_ERROR;
				GCC_WARN_UNDECLARED_SELECTOR = YES;
				GCC_WARN_UNINITIALIZED_AUTOS = YES_AGGRESSIVE;
				GCC_WARN_UNUSED_FUNCTION = YES;
				GCC_WARN_UNUSED_VARIABLE = YES;
				IPHONEOS_DEPLOYMENT_TARGET = 17.5;
				LOCALIZATION_PREFERS_STRING_CATALOGS = YES;
				MTL_ENABLE_DEBUG_INFO = NO;
				MTL_FAST_MATH = YES;
				SDKROOT = iphoneos;
				SWIFT_COMPILATION_MODE = wholemodule;
				VALIDATE_PRODUCT = YES;
			};
			name = Release;
		};
		E598AC252C3C276200D12ED0 /* Debug */ = {
			isa = XCBuildConfiguration;
			buildSettings = {
				ASSETCATALOG_COMPILER_APPICON_NAME = AppIcon;
				ASSETCATALOG_COMPILER_GLOBAL_ACCENT_COLOR_NAME = AccentColor;
				CODE_SIGN_STYLE = Automatic;
				CURRENT_PROJECT_VERSION = 1;
				DEVELOPMENT_TEAM = CD5BA2AYRN;
				GENERATE_INFOPLIST_FILE = YES;
				INFOPLIST_FILE = "iOS-simple-ocr/Info.plist";
				INFOPLIST_KEY_NSCameraUsageDescription = "Allow us to take picture";
				INFOPLIST_KEY_NSPhotoLibraryUsageDescription = "Allow us to save picture";
				INFOPLIST_KEY_UIApplicationSupportsIndirectInputEvents = YES;
				INFOPLIST_KEY_UILaunchStoryboardName = LaunchScreen;
				INFOPLIST_KEY_UIMainStoryboardFile = Main;
				INFOPLIST_KEY_UISupportedInterfaceOrientations_iPad = "UIInterfaceOrientationPortrait UIInterfaceOrientationPortraitUpsideDown UIInterfaceOrientationLandscapeLeft UIInterfaceOrientationLandscapeRight";
				INFOPLIST_KEY_UISupportedInterfaceOrientations_iPhone = "UIInterfaceOrientationPortrait UIInterfaceOrientationLandscapeLeft UIInterfaceOrientationLandscapeRight";
				LD_RUNPATH_SEARCH_PATHS = (
					"$(inherited)",
					"@executable_path/Frameworks",
				);
				MARKETING_VERSION = 1.0;
				PRODUCT_BUNDLE_IDENTIFIER = "com.thomaspham.iOS-simple-ocr";
				PRODUCT_NAME = "$(TARGET_NAME)";
				SWIFT_EMIT_LOC_STRINGS = YES;
				SWIFT_VERSION = 5.0;
				TARGETED_DEVICE_FAMILY = "1,2";
			};
			name = Debug;
		};
		E598AC262C3C276200D12ED0 /* Release */ = {
			isa = XCBuildConfiguration;
			buildSettings = {
				ASSETCATALOG_COMPILER_APPICON_NAME = AppIcon;
				ASSETCATALOG_COMPILER_GLOBAL_ACCENT_COLOR_NAME = AccentColor;
				CODE_SIGN_STYLE = Automatic;
				CURRENT_PROJECT_VERSION = 1;
				DEVELOPMENT_TEAM = CD5BA2AYRN;
				GENERATE_INFOPLIST_FILE = YES;
				INFOPLIST_FILE = "iOS-simple-ocr/Info.plist";
				INFOPLIST_KEY_NSCameraUsageDescription = "Allow us to take picture";
				INFOPLIST_KEY_NSPhotoLibraryUsageDescription = "Allow us to save picture";
				INFOPLIST_KEY_UIApplicationSupportsIndirectInputEvents = YES;
				INFOPLIST_KEY_UILaunchStoryboardName = LaunchScreen;
				INFOPLIST_KEY_UIMainStoryboardFile = Main;
				INFOPLIST_KEY_UISupportedInterfaceOrientations_iPad = "UIInterfaceOrientationPortrait UIInterfaceOrientationPortraitUpsideDown UIInterfaceOrientationLandscapeLeft UIInterfaceOrientationLandscapeRight";
				INFOPLIST_KEY_UISupportedInterfaceOrientations_iPhone = "UIInterfaceOrientationPortrait UIInterfaceOrientationLandscapeLeft UIInterfaceOrientationLandscapeRight";
				LD_RUNPATH_SEARCH_PATHS = (
					"$(inherited)",
					"@executable_path/Frameworks",
				);
				MARKETING_VERSION = 1.0;
				PRODUCT_BUNDLE_IDENTIFIER = "com.thomaspham.iOS-simple-ocr";
				PRODUCT_NAME = "$(TARGET_NAME)";
				SWIFT_EMIT_LOC_STRINGS = YES;
				SWIFT_VERSION = 5.0;
				TARGETED_DEVICE_FAMILY = "1,2";
			};
			name = Release;
		};
/* End XCBuildConfiguration section */

/* Begin XCConfigurationList section */
		E598AC082C3C276000D12ED0 /* Build configuration list for PBXProject "iOS-simple-ocr" */ = {
			isa = XCConfigurationList;
			buildConfigurations = (
				E598AC222C3C276200D12ED0 /* Debug */,
				E598AC232C3C276200D12ED0 /* Release */,
			);
			defaultConfigurationIsVisible = 0;
			defaultConfigurationName = Release;
		};
		E598AC242C3C276200D12ED0 /* Build configuration list for PBXNativeTarget "iOS-simple-ocr" */ = {
			isa = XCConfigurationList;
			buildConfigurations = (
				E598AC252C3C276200D12ED0 /* Debug */,
				E598AC262C3C276200D12ED0 /* Release */,
			);
			defaultConfigurationIsVisible = 0;
			defaultConfigurationName = Release;
		};
/* End XCConfigurationList section */

/* Begin XCVersionGroup section */
		E598AC192C3C276000D12ED0 /* iOS_simple_ocr.xcdatamodeld */ = {
			isa = XCVersionGroup;
			children = (
				E598AC1A2C3C276000D12ED0 /* iOS_simple_ocr.xcdatamodel */,
			);
			currentVersion = E598AC1A2C3C276000D12ED0 /* iOS_simple_ocr.xcdatamodel */;
			path = iOS_simple_ocr.xcdatamodeld;
			sourceTree = "<group>";
			versionGroupType = wrapper.xcdatamodel;
		};
/* End XCVersionGroup section */
	};
	rootObject = E598AC052C3C276000D12ED0 /* Project object */;
}
